// !$*UTF8*$!
{
	archiveVersion = 1;
	classes = {
	};
	objectVersion = 50;
	objects = {

/* Begin PBXBuildFile section */
		4D24E5B5258E2DB600B78E6F /* AppDelegate.swift in Sources */ = {isa = PBXBuildFile; fileRef = 4D24E5B4258E2DB600B78E6F /* AppDelegate.swift */; };
		4D24E5B7258E2DB600B78E6F /* SceneDelegate.swift in Sources */ = {isa = PBXBuildFile; fileRef = 4D24E5B6258E2DB600B78E6F /* SceneDelegate.swift */; };
		4D24E5B9258E2DB600B78E6F /* ConversationsViewController.swift in Sources */ = {isa = PBXBuildFile; fileRef = 4D24E5B8258E2DB600B78E6F /* ConversationsViewController.swift */; };
		4D24E5BC258E2DB600B78E6F /* Main.storyboard in Resources */ = {isa = PBXBuildFile; fileRef = 4D24E5BA258E2DB600B78E6F /* Main.storyboard */; };
		4D24E5BE258E2DB600B78E6F /* Assets.xcassets in Resources */ = {isa = PBXBuildFile; fileRef = 4D24E5BD258E2DB600B78E6F /* Assets.xcassets */; };
		4D24E5C1258E2DB600B78E6F /* LaunchScreen.storyboard in Resources */ = {isa = PBXBuildFile; fileRef = 4D24E5BF258E2DB600B78E6F /* LaunchScreen.storyboard */; };
		4D24E5CB258E2F9400B78E6F /* Constants.swift in Sources */ = {isa = PBXBuildFile; fileRef = 4D24E5CA258E2F9400B78E6F /* Constants.swift */; };
		4D24E5D5258E32CD00B78E6F /* LoginViewController.swift in Sources */ = {isa = PBXBuildFile; fileRef = 4D24E5D4258E32CD00B78E6F /* LoginViewController.swift */; };
		4D24E5D8258E32DD00B78E6F /* RegisterViewController.swift in Sources */ = {isa = PBXBuildFile; fileRef = 4D24E5D7258E32DD00B78E6F /* RegisterViewController.swift */; };
		4D24E5DB258E330E00B78E6F /* PhotoViewerViewController.swift in Sources */ = {isa = PBXBuildFile; fileRef = 4D24E5DA258E330E00B78E6F /* PhotoViewerViewController.swift */; };
		4D24E5DE258E331600B78E6F /* VideoPlayerViewController.swift in Sources */ = {isa = PBXBuildFile; fileRef = 4D24E5DD258E331600B78E6F /* VideoPlayerViewController.swift */; };
		4D24E5E1258E334500B78E6F /* NewConversationViewController.swift in Sources */ = {isa = PBXBuildFile; fileRef = 4D24E5E0258E334500B78E6F /* NewConversationViewController.swift */; };
		4D24E5E4258E335700B78E6F /* ProfileViewController.swift in Sources */ = {isa = PBXBuildFile; fileRef = 4D24E5E3258E335700B78E6F /* ProfileViewController.swift */; };
		4D24E5EB258E40EE00B78E6F /* Extentions.swift in Sources */ = {isa = PBXBuildFile; fileRef = 4D24E5EA258E40EE00B78E6F /* Extentions.swift */; };
/* End PBXBuildFile section */

/* Begin PBXFileReference section */
		4D24E5B1258E2DB600B78E6F /* FirebaseMessenger.app */ = {isa = PBXFileReference; explicitFileType = wrapper.application; includeInIndex = 0; path = FirebaseMessenger.app; sourceTree = BUILT_PRODUCTS_DIR; };
		4D24E5B4258E2DB600B78E6F /* AppDelegate.swift */ = {isa = PBXFileReference; lastKnownFileType = sourcecode.swift; path = AppDelegate.swift; sourceTree = "<group>"; };
		4D24E5B6258E2DB600B78E6F /* SceneDelegate.swift */ = {isa = PBXFileReference; lastKnownFileType = sourcecode.swift; path = SceneDelegate.swift; sourceTree = "<group>"; };
		4D24E5B8258E2DB600B78E6F /* ConversationsViewController.swift */ = {isa = PBXFileReference; lastKnownFileType = sourcecode.swift; path = ConversationsViewController.swift; sourceTree = "<group>"; };
		4D24E5BB258E2DB600B78E6F /* Base */ = {isa = PBXFileReference; lastKnownFileType = file.storyboard; name = Base; path = Base.lproj/Main.storyboard; sourceTree = "<group>"; };
		4D24E5BD258E2DB600B78E6F /* Assets.xcassets */ = {isa = PBXFileReference; lastKnownFileType = folder.assetcatalog; path = Assets.xcassets; sourceTree = "<group>"; };
		4D24E5C0258E2DB600B78E6F /* Base */ = {isa = PBXFileReference; lastKnownFileType = file.storyboard; name = Base; path = Base.lproj/LaunchScreen.storyboard; sourceTree = "<group>"; };
		4D24E5C2258E2DB600B78E6F /* Info.plist */ = {isa = PBXFileReference; lastKnownFileType = text.plist.xml; path = Info.plist; sourceTree = "<group>"; };
		4D24E5CA258E2F9400B78E6F /* Constants.swift */ = {isa = PBXFileReference; lastKnownFileType = sourcecode.swift; path = Constants.swift; sourceTree = "<group>"; };
		4D24E5D4258E32CD00B78E6F /* LoginViewController.swift */ = {isa = PBXFileReference; lastKnownFileType = sourcecode.swift; path = LoginViewController.swift; sourceTree = "<group>"; };
		4D24E5D7258E32DD00B78E6F /* RegisterViewController.swift */ = {isa = PBXFileReference; lastKnownFileType = sourcecode.swift; path = RegisterViewController.swift; sourceTree = "<group>"; };
		4D24E5DA258E330E00B78E6F /* PhotoViewerViewController.swift */ = {isa = PBXFileReference; lastKnownFileType = sourcecode.swift; path = PhotoViewerViewController.swift; sourceTree = "<group>"; };
		4D24E5DD258E331600B78E6F /* VideoPlayerViewController.swift */ = {isa = PBXFileReference; lastKnownFileType = sourcecode.swift; path = VideoPlayerViewController.swift; sourceTree = "<group>"; };
		4D24E5E0258E334500B78E6F /* NewConversationViewController.swift */ = {isa = PBXFileReference; lastKnownFileType = sourcecode.swift; path = NewConversationViewController.swift; sourceTree = "<group>"; };
		4D24E5E3258E335700B78E6F /* ProfileViewController.swift */ = {isa = PBXFileReference; lastKnownFileType = sourcecode.swift; path = ProfileViewController.swift; sourceTree = "<group>"; };
		4D24E5EA258E40EE00B78E6F /* Extentions.swift */ = {isa = PBXFileReference; lastKnownFileType = sourcecode.swift; path = Extentions.swift; sourceTree = "<group>"; };
/* End PBXFileReference section */

/* Begin PBXFrameworksBuildPhase section */
		4D24E5AE258E2DB600B78E6F /* Frameworks */ = {
			isa = PBXFrameworksBuildPhase;
			buildActionMask = 2147483647;
			files = (
			);
			runOnlyForDeploymentPostprocessing = 0;
		};
/* End PBXFrameworksBuildPhase section */

/* Begin PBXGroup section */
		4D24E5A8258E2DB500B78E6F = {
			isa = PBXGroup;
			children = (
				4D24E5B3258E2DB600B78E6F /* FirebaseMessenger */,
				4D24E5B2258E2DB600B78E6F /* Products */,
			);
			sourceTree = "<group>";
		};
		4D24E5B2258E2DB600B78E6F /* Products */ = {
			isa = PBXGroup;
			children = (
				4D24E5B1258E2DB600B78E6F /* FirebaseMessenger.app */,
			);
			name = Products;
			sourceTree = "<group>";
		};
		4D24E5B3258E2DB600B78E6F /* FirebaseMessenger */ = {
			isa = PBXGroup;
			children = (
				4D24E5D1258E317400B78E6F /* Resources */,
				4D24E5D0258E316800B78E6F /* ViewModels */,
				4D24E5CF258E316200B78E6F /* Models */,
				4D24E5CE258E315600B78E6F /* Views */,
				4D24E5CD258E314C00B78E6F /* Controllers */,
				4D24E5C9258E2F3000B78E6F /* Utils */,
				4D24E5C2258E2DB600B78E6F /* Info.plist */,
			);
			path = FirebaseMessenger;
			sourceTree = "<group>";
		};
		4D24E5C9258E2F3000B78E6F /* Utils */ = {
			isa = PBXGroup;
			children = (
				4D24E5CA258E2F9400B78E6F /* Constants.swift */,
			);
			path = Utils;
			sourceTree = "<group>";
		};
		4D24E5CD258E314C00B78E6F /* Controllers */ = {
			isa = PBXGroup;
			children = (
				4D24E5B8258E2DB600B78E6F /* ConversationsViewController.swift */,
				4D24E5E7258E35D700B78E6F /* LoginRegister */,
				4D24E5DA258E330E00B78E6F /* PhotoViewerViewController.swift */,
				4D24E5DD258E331600B78E6F /* VideoPlayerViewController.swift */,
				4D24E5E0258E334500B78E6F /* NewConversationViewController.swift */,
				4D24E5E3258E335700B78E6F /* ProfileViewController.swift */,
			);
			path = Controllers;
			sourceTree = "<group>";
		};
		4D24E5CE258E315600B78E6F /* Views */ = {
			isa = PBXGroup;
			children = (
				4D24E5D2258E31BA00B78E6F /* Storyboards */,
				4D24E5BD258E2DB600B78E6F /* Assets.xcassets */,
			);
			path = Views;
			sourceTree = "<group>";
		};
		4D24E5CF258E316200B78E6F /* Models */ = {
			isa = PBXGroup;
			children = (
			);
			path = Models;
			sourceTree = "<group>";
		};
		4D24E5D0258E316800B78E6F /* ViewModels */ = {
			isa = PBXGroup;
			children = (
			);
			path = ViewModels;
			sourceTree = "<group>";
		};
		4D24E5D1258E317400B78E6F /* Resources */ = {
			isa = PBXGroup;
			children = (
				4D24E5B4258E2DB600B78E6F /* AppDelegate.swift */,
				4D24E5B6258E2DB600B78E6F /* SceneDelegate.swift */,
				4D24E5EA258E40EE00B78E6F /* Extentions.swift */,
			);
			path = Resources;
			sourceTree = "<group>";
		};
		4D24E5D2258E31BA00B78E6F /* Storyboards */ = {
			isa = PBXGroup;
			children = (
				4D24E5BA258E2DB600B78E6F /* Main.storyboard */,
				4D24E5BF258E2DB600B78E6F /* LaunchScreen.storyboard */,
			);
			path = Storyboards;
			sourceTree = "<group>";
		};
		4D24E5E7258E35D700B78E6F /* LoginRegister */ = {
			isa = PBXGroup;
			children = (
				4D24E5D4258E32CD00B78E6F /* LoginViewController.swift */,
				4D24E5D7258E32DD00B78E6F /* RegisterViewController.swift */,
			);
			path = LoginRegister;
			sourceTree = "<group>";
		};
/* End PBXGroup section */

/* Begin PBXNativeTarget section */
		4D24E5B0258E2DB600B78E6F /* FirebaseMessenger */ = {
			isa = PBXNativeTarget;
			buildConfigurationList = 4D24E5C5258E2DB600B78E6F /* Build configuration list for PBXNativeTarget "FirebaseMessenger" */;
			buildPhases = (
				4D24E5AD258E2DB600B78E6F /* Sources */,
				4D24E5AE258E2DB600B78E6F /* Frameworks */,
				4D24E5AF258E2DB600B78E6F /* Resources */,
			);
			buildRules = (
			);
			dependencies = (
			);
			name = FirebaseMessenger;
			productName = FirebaseMessenger;
			productReference = 4D24E5B1258E2DB600B78E6F /* FirebaseMessenger.app */;
			productType = "com.apple.product-type.application";
		};
/* End PBXNativeTarget section */

/* Begin PBXProject section */
		4D24E5A9258E2DB500B78E6F /* Project object */ = {
			isa = PBXProject;
			attributes = {
				LastSwiftUpdateCheck = 1220;
				LastUpgradeCheck = 1220;
				TargetAttributes = {
					4D24E5B0258E2DB600B78E6F = {
						CreatedOnToolsVersion = 12.2;
					};
				};
			};
			buildConfigurationList = 4D24E5AC258E2DB500B78E6F /* Build configuration list for PBXProject "FirebaseMessenger" */;
			compatibilityVersion = "Xcode 9.3";
			developmentRegion = en;
			hasScannedForEncodings = 0;
			knownRegions = (
				en,
				Base,
			);
			mainGroup = 4D24E5A8258E2DB500B78E6F;
			productRefGroup = 4D24E5B2258E2DB600B78E6F /* Products */;
			projectDirPath = "";
			projectRoot = "";
			targets = (
				4D24E5B0258E2DB600B78E6F /* FirebaseMessenger */,
			);
		};
/* End PBXProject section */

/* Begin PBXResourcesBuildPhase section */
		4D24E5AF258E2DB600B78E6F /* Resources */ = {
			isa = PBXResourcesBuildPhase;
			buildActionMask = 2147483647;
			files = (
				4D24E5C1258E2DB600B78E6F /* LaunchScreen.storyboard in Resources */,
				4D24E5BE258E2DB600B78E6F /* Assets.xcassets in Resources */,
				4D24E5BC258E2DB600B78E6F /* Main.storyboard in Resources */,
			);
			runOnlyForDeploymentPostprocessing = 0;
		};
/* End PBXResourcesBuildPhase section */

/* Begin PBXSourcesBuildPhase section */
		4D24E5AD258E2DB600B78E6F /* Sources */ = {
			isa = PBXSourcesBuildPhase;
			buildActionMask = 2147483647;
			files = (
				4D24E5B9258E2DB600B78E6F /* ConversationsViewController.swift in Sources */,
				4D24E5B5258E2DB600B78E6F /* AppDelegate.swift in Sources */,
				4D24E5E4258E335700B78E6F /* ProfileViewController.swift in Sources */,
				4D24E5EB258E40EE00B78E6F /* Extentions.swift in Sources */,
				4D24E5B7258E2DB600B78E6F /* SceneDelegate.swift in Sources */,
				4D24E5DB258E330E00B78E6F /* PhotoViewerViewController.swift in Sources */,
				4D24E5D8258E32DD00B78E6F /* RegisterViewController.swift in Sources */,
				4D24E5DE258E331600B78E6F /* VideoPlayerViewController.swift in Sources */,
				4D24E5E1258E334500B78E6F /* NewConversationViewController.swift in Sources */,
				4D24E5D5258E32CD00B78E6F /* LoginViewController.swift in Sources */,
				4D24E5CB258E2F9400B78E6F /* Constants.swift in Sources */,
			);
			runOnlyForDeploymentPostprocessing = 0;
		};
/* End PBXSourcesBuildPhase section */

/* Begin PBXVariantGroup section */
		4D24E5BA258E2DB600B78E6F /* Main.storyboard */ = {
			isa = PBXVariantGroup;
			children = (
				4D24E5BB258E2DB600B78E6F /* Base */,
			);
			name = Main.storyboard;
			sourceTree = "<group>";
		};
		4D24E5BF258E2DB600B78E6F /* LaunchScreen.storyboard */ = {
			isa = PBXVariantGroup;
			children = (
				4D24E5C0258E2DB600B78E6F /* Base */,
			);
			name = LaunchScreen.storyboard;
			sourceTree = "<group>";
		};
/* End PBXVariantGroup section */

/* Begin XCBuildConfiguration section */
		4D24E5C3258E2DB600B78E6F /* Debug */ = {
			isa = XCBuildConfiguration;
			buildSettings = {
				ALWAYS_SEARCH_USER_PATHS = NO;
				CLANG_ANALYZER_NONNULL = YES;
				CLANG_ANALYZER_NUMBER_OBJECT_CONVERSION = YES_AGGRESSIVE;
				CLANG_CXX_LANGUAGE_STANDARD = "gnu++14";
				CLANG_CXX_LIBRARY = "libc++";
				CLANG_ENABLE_MODULES = YES;
				CLANG_ENABLE_OBJC_ARC = YES;
				CLANG_ENABLE_OBJC_WEAK = YES;
				CLANG_WARN_BLOCK_CAPTURE_AUTORELEASING = YES;
				CLANG_WARN_BOOL_CONVERSION = YES;
				CLANG_WARN_COMMA = YES;
				CLANG_WARN_CONSTANT_CONVERSION = YES;
				CLANG_WARN_DEPRECATED_OBJC_IMPLEMENTATIONS = YES;
				CLANG_WARN_DIRECT_OBJC_ISA_USAGE = YES_ERROR;
				CLANG_WARN_DOCUMENTATION_COMMENTS = YES;
				CLANG_WARN_EMPTY_BODY = YES;
				CLANG_WARN_ENUM_CONVERSION = YES;
				CLANG_WARN_INFINITE_RECURSION = YES;
				CLANG_WARN_INT_CONVERSION = YES;
				CLANG_WARN_NON_LITERAL_NULL_CONVERSION = YES;
				CLANG_WARN_OBJC_IMPLICIT_RETAIN_SELF = YES;
				CLANG_WARN_OBJC_LITERAL_CONVERSION = YES;
				CLANG_WARN_OBJC_ROOT_CLASS = YES_ERROR;
				CLANG_WARN_QUOTED_INCLUDE_IN_FRAMEWORK_HEADER = YES;
				CLANG_WARN_RANGE_LOOP_ANALYSIS = YES;
				CLANG_WARN_STRICT_PROTOTYPES = YES;
				CLANG_WARN_SUSPICIOUS_MOVE = YES;
				CLANG_WARN_UNGUARDED_AVAILABILITY = YES_AGGRESSIVE;
				CLANG_WARN_UNREACHABLE_CODE = YES;
				CLANG_WARN__DUPLICATE_METHOD_MATCH = YES;
				COPY_PHASE_STRIP = NO;
				DEBUG_INFORMATION_FORMAT = dwarf;
				ENABLE_STRICT_OBJC_MSGSEND = YES;
				ENABLE_TESTABILITY = YES;
				GCC_C_LANGUAGE_STANDARD = gnu11;
				GCC_DYNAMIC_NO_PIC = NO;
				GCC_NO_COMMON_BLOCKS = YES;
				GCC_OPTIMIZATION_LEVEL = 0;
				GCC_PREPROCESSOR_DEFINITIONS = (
					"DEBUG=1",
					"$(inherited)",
				);
				GCC_WARN_64_TO_32_BIT_CONVERSION = YES;
				GCC_WARN_ABOUT_RETURN_TYPE = YES_ERROR;
				GCC_WARN_UNDECLARED_SELECTOR = YES;
				GCC_WARN_UNINITIALIZED_AUTOS = YES_AGGRESSIVE;
				GCC_WARN_UNUSED_FUNCTION = YES;
				GCC_WARN_UNUSED_VARIABLE = YES;
				IPHONEOS_DEPLOYMENT_TARGET = 14.2;
				MTL_ENABLE_DEBUG_INFO = INCLUDE_SOURCE;
				MTL_FAST_MATH = YES;
				ONLY_ACTIVE_ARCH = YES;
				SDKROOT = iphoneos;
				SWIFT_ACTIVE_COMPILATION_CONDITIONS = DEBUG;
				SWIFT_OPTIMIZATION_LEVEL = "-Onone";
			};
			name = Debug;
		};
		4D24E5C4258E2DB600B78E6F /* Release */ = {
			isa = XCBuildConfiguration;
			buildSettings = {
				ALWAYS_SEARCH_USER_PATHS = NO;
				CLANG_ANALYZER_NONNULL = YES;
				CLANG_ANALYZER_NUMBER_OBJECT_CONVERSION = YES_AGGRESSIVE;
				CLANG_CXX_LANGUAGE_STANDARD = "gnu++14";
				CLANG_CXX_LIBRARY = "libc++";
				CLANG_ENABLE_MODULES = YES;
				CLANG_ENABLE_OBJC_ARC = YES;
				CLANG_ENABLE_OBJC_WEAK = YES;
				CLANG_WARN_BLOCK_CAPTURE_AUTORELEASING = YES;
				CLANG_WARN_BOOL_CONVERSION = YES;
				CLANG_WARN_COMMA = YES;
				CLANG_WARN_CONSTANT_CONVERSION = YES;
				CLANG_WARN_DEPRECATED_OBJC_IMPLEMENTATIONS = YES;
				CLANG_WARN_DIRECT_OBJC_ISA_USAGE = YES_ERROR;
				CLANG_WARN_DOCUMENTATION_COMMENTS = YES;
				CLANG_WARN_EMPTY_BODY = YES;
				CLANG_WARN_ENUM_CONVERSION = YES;
				CLANG_WARN_INFINITE_RECURSION = YES;
				CLANG_WARN_INT_CONVERSION = YES;
				CLANG_WARN_NON_LITERAL_NULL_CONVERSION = YES;
				CLANG_WARN_OBJC_IMPLICIT_RETAIN_SELF = YES;
				CLANG_WARN_OBJC_LITERAL_CONVERSION = YES;
				CLANG_WARN_OBJC_ROOT_CLASS = YES_ERROR;
				CLANG_WARN_QUOTED_INCLUDE_IN_FRAMEWORK_HEADER = YES;
				CLANG_WARN_RANGE_LOOP_ANALYSIS = YES;
				CLANG_WARN_STRICT_PROTOTYPES = YES;
				CLANG_WARN_SUSPICIOUS_MOVE = YES;
				CLANG_WARN_UNGUARDED_AVAILABILITY = YES_AGGRESSIVE;
				CLANG_WARN_UNREACHABLE_CODE = YES;
				CLANG_WARN__DUPLICATE_METHOD_MATCH = YES;
				COPY_PHASE_STRIP = NO;
				DEBUG_INFORMATION_FORMAT = "dwarf-with-dsym";
				ENABLE_NS_ASSERTIONS = NO;
				ENABLE_STRICT_OBJC_MSGSEND = YES;
				GCC_C_LANGUAGE_STANDARD = gnu11;
				GCC_NO_COMMON_BLOCKS = YES;
				GCC_WARN_64_TO_32_BIT_CONVERSION = YES;
				GCC_WARN_ABOUT_RETURN_TYPE = YES_ERROR;
				GCC_WARN_UNDECLARED_SELECTOR = YES;
				GCC_WARN_UNINITIALIZED_AUTOS = YES_AGGRESSIVE;
				GCC_WARN_UNUSED_FUNCTION = YES;
				GCC_WARN_UNUSED_VARIABLE = YES;
				IPHONEOS_DEPLOYMENT_TARGET = 14.2;
				MTL_ENABLE_DEBUG_INFO = NO;
				MTL_FAST_MATH = YES;
				SDKROOT = iphoneos;
				SWIFT_COMPILATION_MODE = wholemodule;
				SWIFT_OPTIMIZATION_LEVEL = "-O";
				VALIDATE_PRODUCT = YES;
			};
			name = Release;
		};
		4D24E5C6258E2DB600B78E6F /* Debug */ = {
			isa = XCBuildConfiguration;
			buildSettings = {
				ASSETCATALOG_COMPILER_APPICON_NAME = AppIcon;
				ASSETCATALOG_COMPILER_GLOBAL_ACCENT_COLOR_NAME = AccentColor;
				CODE_SIGN_STYLE = Automatic;
				INFOPLIST_FILE = FirebaseMessenger/Info.plist;
				LD_RUNPATH_SEARCH_PATHS = (
					"$(inherited)",
					"@executable_path/Frameworks",
				);
				PRODUCT_BUNDLE_IDENTIFIER = com.example.FirebaseMessenger;
				PRODUCT_NAME = "$(TARGET_NAME)";
				SWIFT_VERSION = 5.0;
				TARGETED_DEVICE_FAMILY = "1,2";
			};
			name = Debug;
		};
		4D24E5C7258E2DB600B78E6F /* Release */ = {
			isa = XCBuildConfiguration;
			buildSettings = {
				ASSETCATALOG_COMPILER_APPICON_NAME = AppIcon;
				ASSETCATALOG_COMPILER_GLOBAL_ACCENT_COLOR_NAME = AccentColor;
				CODE_SIGN_STYLE = Automatic;
				INFOPLIST_FILE = FirebaseMessenger/Info.plist;
				LD_RUNPATH_SEARCH_PATHS = (
					"$(inherited)",
					"@executable_path/Frameworks",
				);
				PRODUCT_BUNDLE_IDENTIFIER = com.example.FirebaseMessenger;
				PRODUCT_NAME = "$(TARGET_NAME)";
				SWIFT_VERSION = 5.0;
				TARGETED_DEVICE_FAMILY = "1,2";
			};
			name = Release;
		};
/* End XCBuildConfiguration section */

/* Begin XCConfigurationList section */
		4D24E5AC258E2DB500B78E6F /* Build configuration list for PBXProject "FirebaseMessenger" */ = {
			isa = XCConfigurationList;
			buildConfigurations = (
				4D24E5C3258E2DB600B78E6F /* Debug */,
				4D24E5C4258E2DB600B78E6F /* Release */,
			);
			defaultConfigurationIsVisible = 0;
			defaultConfigurationName = Release;
		};
		4D24E5C5258E2DB600B78E6F /* Build configuration list for PBXNativeTarget "FirebaseMessenger" */ = {
			isa = XCConfigurationList;
			buildConfigurations = (
				4D24E5C6258E2DB600B78E6F /* Debug */,
				4D24E5C7258E2DB600B78E6F /* Release */,
			);
			defaultConfigurationIsVisible = 0;
			defaultConfigurationName = Release;
		};
/* End XCConfigurationList section */
	};
	rootObject = 4D24E5A9258E2DB500B78E6F /* Project object */;
}
